
Microsoft Visual Studio Solution File, Format Version 12.00
# Visual Studio Version 17
VisualStudioVersion = 17.12.35527.113
MinimumVisualStudioVersion = 10.0.40219.1
Project("{FAE04EC0-301F-11D3-BF4B-00C04F79EFBC}") = "QuanLyQuanCafe", "QuanLyQuanCafe.csproj", "{5F56BDA7-ED06-4F37-A167-BB4CE7933DB8}"
EndProject
Project("{2150E333-8FDC-42A3-9474-1A3956D46DE8}") = "Solution Items", "Solution Items", "{00F3F64F-FD10-4A05-AEC2-178806D5F2A6}"
	ProjectSection(SolutionItems) = preProject
		..\..\Coffee_Shop.jpg = ..\..\Coffee_Shop.jpg
	EndProjectSection
EndProject
Global
	GlobalSection(SolutionConfigurationPlatforms) = preSolution
		Debug|Any CPU = Debug|Any CPU
		Release|Any CPU = Release|Any CPU
	EndGlobalSection
	GlobalSection(ProjectConfigurationPlatforms) = postSolution
		{5F56BDA7-ED06-4F37-A167-BB4CE7933DB8}.Debug|Any CPU.ActiveCfg = Debug|Any CPU
		{5F56BDA7-ED06-4F37-A167-BB4CE7933DB8}.Debug|Any CPU.Build.0 = Debug|Any CPU
		{5F56BDA7-ED06-4F37-A167-BB4CE7933DB8}.Release|Any CPU.ActiveCfg = Release|Any CPU
		{5F56BDA7-ED06-4F37-A167-BB4CE7933DB8}.Release|Any CPU.Build.0 = Release|Any CPU
	EndGlobalSection
	GlobalSection(SolutionProperties) = preSolution
		HideSolutionNode = FALSE
	EndGlobalSection
	GlobalSection(ExtensibilityGlobals) = postSolution
		SolutionGuid = {15154747-1937-460D-AC94-9392F447E4F2}
	EndGlobalSection
EndGlobal
